
Microsoft Visual Studio Solution File, Format Version 12.00
# Visual Studio 15
VisualStudioVersion = 15.0.28010.2036
MinimumVisualStudioVersion = 10.0.40219.1
Project("{FAE04EC0-301F-11D3-BF4B-00C04F79EFBC}") = "ConsoleApp1", "ConsoleApp1\ConsoleApp1.csproj", "{505D6FBE-F7BB-4B5B-B8D5-E4EAE39C642F}"
EndProject
Global
	GlobalSection(SolutionConfigurationPlatforms) = preSolution
		Debug|Any CPU = Debug|Any CPU
		Release|Any CPU = Release|Any CPU
	EndGlobalSection
	GlobalSection(ProjectConfigurationPlatforms) = postSolution
		{505D6FBE-F7BB-4B5B-B8D5-E4EAE39C642F}.Debug|Any CPU.ActiveCfg = Debug|Any CPU
		{505D6FBE-F7BB-4B5B-B8D5-E4EAE39C642F}.Debug|Any CPU.Build.0 = Debug|Any CPU
		{505D6FBE-F7BB-4B5B-B8D5-E4EAE39C642F}.Release|Any CPU.ActiveCfg = Release|Any CPU
		{505D6FBE-F7BB-4B5B-B8D5-E4EAE39C642F}.Release|Any CPU.Build.0 = Release|Any CPU
	EndGlobalSection
	GlobalSection(SolutionProperties) = preSolution
		HideSolutionNode = FALSE
	EndGlobalSection
	GlobalSection(ExtensibilityGlobals) = postSolution
		SolutionGuid = {0B33AB86-4297-4A57-8035-7D6606315C61}
	EndGlobalSection
EndGlobal
